
Microsoft Visual Studio Solution File, Format Version 12.00
# Visual Studio Version 17
VisualStudioVersion = 17.8.34309.116
MinimumVisualStudioVersion = 10.0.40219.1
Project("{FAE04EC0-301F-11D3-BF4B-00C04F79EFBC}") = "ConsoleN25", "ConsoleN25\ConsoleN25.csproj", "{05017070-B2BC-4047-9A58-D541A79A10EE}"
EndProject
Global
	GlobalSection(SolutionConfigurationPlatforms) = preSolution
		Debug|Any CPU = Debug|Any CPU
		Release|Any CPU = Release|Any CPU
	EndGlobalSection
	GlobalSection(ProjectConfigurationPlatforms) = postSolution
		{05017070-B2BC-4047-9A58-D541A79A10EE}.Debug|Any CPU.ActiveCfg = Debug|Any CPU
		{05017070-B2BC-4047-9A58-D541A79A10EE}.Debug|Any CPU.Build.0 = Debug|Any CPU
		{05017070-B2BC-4047-9A58-D541A79A10EE}.Release|Any CPU.ActiveCfg = Release|Any CPU
		{05017070-B2BC-4047-9A58-D541A79A10EE}.Release|Any CPU.Build.0 = Release|Any CPU
	EndGlobalSection
	GlobalSection(SolutionProperties) = preSolution
		HideSolutionNode = FALSE
	EndGlobalSection
	GlobalSection(ExtensibilityGlobals) = postSolution
		SolutionGuid = {582305BD-4345-463E-B6D6-6A94E2288C61}
	EndGlobalSection
EndGlobal
